// !$*UTF8*$!
{
	archiveVersion = 1;
	classes = {
	};
	objectVersion = 56;
	objects = {

/* Begin PBXBuildFile section */
		8C284B9A2B1584EF006C569B /* hikeData.json in Resources */ = {isa = PBXBuildFile; fileRef = 8C284B992B1584EF006C569B /* hikeData.json */; };
		8C284B9C2B15852E006C569B /* Hike.swift in Sources */ = {isa = PBXBuildFile; fileRef = 8C284B9B2B15852E006C569B /* Hike.swift */; };
		8C284BA22B158679006C569B /* GraphCapsule.swift in Sources */ = {isa = PBXBuildFile; fileRef = 8C284B9E2B158679006C569B /* GraphCapsule.swift */; };
		8C284BA32B158679006C569B /* HikeGraph.swift in Sources */ = {isa = PBXBuildFile; fileRef = 8C284B9F2B158679006C569B /* HikeGraph.swift */; };
		8C284BA42B158679006C569B /* HikeDetail.swift in Sources */ = {isa = PBXBuildFile; fileRef = 8C284BA02B158679006C569B /* HikeDetail.swift */; };
		8C284BA52B158679006C569B /* HikeView.swift in Sources */ = {isa = PBXBuildFile; fileRef = 8C284BA12B158679006C569B /* HikeView.swift */; };
		8C284BA72B158AFA006C569B /* CategoryHome.swift in Sources */ = {isa = PBXBuildFile; fileRef = 8C284BA62B158AFA006C569B /* CategoryHome.swift */; };
		8C284BA92B158DA5006C569B /* CategoryRow.swift in Sources */ = {isa = PBXBuildFile; fileRef = 8C284BA82B158DA5006C569B /* CategoryRow.swift */; };
		8C284BAB2B158FE2006C569B /* CategoryItem.swift in Sources */ = {isa = PBXBuildFile; fileRef = 8C284BAA2B158FE2006C569B /* CategoryItem.swift */; };
		8C600EA72AFDAA4D00025C09 /* LandmarksApp.swift in Sources */ = {isa = PBXBuildFile; fileRef = 8C600EA62AFDAA4D00025C09 /* LandmarksApp.swift */; };
		8C600EA92AFDAA4D00025C09 /* ContentView.swift in Sources */ = {isa = PBXBuildFile; fileRef = 8C600EA82AFDAA4D00025C09 /* ContentView.swift */; };
		8C600EAB2AFDAA4E00025C09 /* Assets.xcassets in Resources */ = {isa = PBXBuildFile; fileRef = 8C600EAA2AFDAA4E00025C09 /* Assets.xcassets */; };
		8C600EAE2AFDAA4E00025C09 /* Preview Assets.xcassets in Resources */ = {isa = PBXBuildFile; fileRef = 8C600EAD2AFDAA4E00025C09 /* Preview Assets.xcassets */; };
		8C600EB82AFDAA4F00025C09 /* LandmarksTests.swift in Sources */ = {isa = PBXBuildFile; fileRef = 8C600EB72AFDAA4F00025C09 /* LandmarksTests.swift */; };
		8C600EC22AFDAA4F00025C09 /* LandmarksUITests.swift in Sources */ = {isa = PBXBuildFile; fileRef = 8C600EC12AFDAA4F00025C09 /* LandmarksUITests.swift */; };
		8C600EC42AFDAA4F00025C09 /* LandmarksUITestsLaunchTests.swift in Sources */ = {isa = PBXBuildFile; fileRef = 8C600EC32AFDAA4F00025C09 /* LandmarksUITestsLaunchTests.swift */; };
		8C600ED12AFDB0A500025C09 /* CircleImage.swift in Sources */ = {isa = PBXBuildFile; fileRef = 8C600ED02AFDB0A500025C09 /* CircleImage.swift */; };
		8C600ED32AFDB15300025C09 /* MapView.swift in Sources */ = {isa = PBXBuildFile; fileRef = 8C600ED22AFDB15300025C09 /* MapView.swift */; };
		8C7B4BCF2B0C0A6700B46E3A /* FavoriteButton.swift in Sources */ = {isa = PBXBuildFile; fileRef = 8C7B4BCE2B0C0A6700B46E3A /* FavoriteButton.swift */; };
		8CE373B22B08256F00CBC20F /* landmarkData.json in Resources */ = {isa = PBXBuildFile; fileRef = 8CE373B12B08256F00CBC20F /* landmarkData.json */; };
		8CE373B42B0825DF00CBC20F /* Landmark.swift in Sources */ = {isa = PBXBuildFile; fileRef = 8CE373B32B0825DF00CBC20F /* Landmark.swift */; };
		8CE373B62B082A4200CBC20F /* ModelData.swift in Sources */ = {isa = PBXBuildFile; fileRef = 8CE373B52B082A4200CBC20F /* ModelData.swift */; };
		8CE373BB2B082C7200CBC20F /* LandmarkRow.swift in Sources */ = {isa = PBXBuildFile; fileRef = 8CE373BA2B082C7200CBC20F /* LandmarkRow.swift */; };
		8CE373BD2B082E5D00CBC20F /* LandmarkList.swift in Sources */ = {isa = PBXBuildFile; fileRef = 8CE373BC2B082E5D00CBC20F /* LandmarkList.swift */; };
		8CE373BF2B082F4D00CBC20F /* LandmarkDetail.swift in Sources */ = {isa = PBXBuildFile; fileRef = 8CE373BE2B082F4D00CBC20F /* LandmarkDetail.swift */; };
		8CFB4CBE2B1425AB0098E32C /* HexagonParameters.swift in Sources */ = {isa = PBXBuildFile; fileRef = 8CFB4CBD2B1425AB0098E32C /* HexagonParameters.swift */; };
		8CFB4CC02B142A250098E32C /* BadgeBackground.swift in Sources */ = {isa = PBXBuildFile; fileRef = 8CFB4CBF2B142A250098E32C /* BadgeBackground.swift */; };
		8CFB4CC22B1442120098E32C /* BadgeSymbol.swift in Sources */ = {isa = PBXBuildFile; fileRef = 8CFB4CC12B1442120098E32C /* BadgeSymbol.swift */; };
		8CFB4CC42B1445520098E32C /* RotatedBadgeSymbol.swift in Sources */ = {isa = PBXBuildFile; fileRef = 8CFB4CC32B1445520098E32C /* RotatedBadgeSymbol.swift */; };
		8CFB4CC62B1445CB0098E32C /* Badge.swift in Sources */ = {isa = PBXBuildFile; fileRef = 8CFB4CC52B1445CB0098E32C /* Badge.swift */; };
/* End PBXBuildFile section */

/* Begin PBXContainerItemProxy section */
		8C600EB42AFDAA4F00025C09 /* PBXContainerItemProxy */ = {
			isa = PBXContainerItemProxy;
			containerPortal = 8C600E9B2AFDAA4D00025C09 /* Project object */;
			proxyType = 1;
			remoteGlobalIDString = 8C600EA22AFDAA4D00025C09;
			remoteInfo = Landmarks;
		};
		8C600EBE2AFDAA4F00025C09 /* PBXContainerItemProxy */ = {
			isa = PBXContainerItemProxy;
			containerPortal = 8C600E9B2AFDAA4D00025C09 /* Project object */;
			proxyType = 1;
			remoteGlobalIDString = 8C600EA22AFDAA4D00025C09;
			remoteInfo = Landmarks;
		};
/* End PBXContainerItemProxy section */

/* Begin PBXFileReference section */
		8C284B992B1584EF006C569B /* hikeData.json */ = {isa = PBXFileReference; fileEncoding = 4; lastKnownFileType = text.json; path = hikeData.json; sourceTree = "<group>"; };
		8C284B9B2B15852E006C569B /* Hike.swift */ = {isa = PBXFileReference; lastKnownFileType = sourcecode.swift; path = Hike.swift; sourceTree = "<group>"; };
		8C284B9E2B158679006C569B /* GraphCapsule.swift */ = {isa = PBXFileReference; fileEncoding = 4; lastKnownFileType = sourcecode.swift; path = GraphCapsule.swift; sourceTree = "<group>"; };
		8C284B9F2B158679006C569B /* HikeGraph.swift */ = {isa = PBXFileReference; fileEncoding = 4; lastKnownFileType = sourcecode.swift; path = HikeGraph.swift; sourceTree = "<group>"; };
		8C284BA02B158679006C569B /* HikeDetail.swift */ = {isa = PBXFileReference; fileEncoding = 4; lastKnownFileType = sourcecode.swift; path = HikeDetail.swift; sourceTree = "<group>"; };
		8C284BA12B158679006C569B /* HikeView.swift */ = {isa = PBXFileReference; fileEncoding = 4; lastKnownFileType = sourcecode.swift; path = HikeView.swift; sourceTree = "<group>"; };
		8C284BA62B158AFA006C569B /* CategoryHome.swift */ = {isa = PBXFileReference; lastKnownFileType = sourcecode.swift; path = CategoryHome.swift; sourceTree = "<group>"; };
		8C284BA82B158DA5006C569B /* CategoryRow.swift */ = {isa = PBXFileReference; lastKnownFileType = sourcecode.swift; path = CategoryRow.swift; sourceTree = "<group>"; };
		8C284BAA2B158FE2006C569B /* CategoryItem.swift */ = {isa = PBXFileReference; lastKnownFileType = sourcecode.swift; path = CategoryItem.swift; sourceTree = "<group>"; };
		8C600EA32AFDAA4D00025C09 /* Landmarks.app */ = {isa = PBXFileReference; explicitFileType = wrapper.application; includeInIndex = 0; path = Landmarks.app; sourceTree = BUILT_PRODUCTS_DIR; };
		8C600EA62AFDAA4D00025C09 /* LandmarksApp.swift */ = {isa = PBXFileReference; lastKnownFileType = sourcecode.swift; path = LandmarksApp.swift; sourceTree = "<group>"; };
		8C600EA82AFDAA4D00025C09 /* ContentView.swift */ = {isa = PBXFileReference; lastKnownFileType = sourcecode.swift; path = ContentView.swift; sourceTree = "<group>"; };
		8C600EAA2AFDAA4E00025C09 /* Assets.xcassets */ = {isa = PBXFileReference; lastKnownFileType = folder.assetcatalog; path = Assets.xcassets; sourceTree = "<group>"; };
		8C600EAD2AFDAA4E00025C09 /* Preview Assets.xcassets */ = {isa = PBXFileReference; lastKnownFileType = folder.assetcatalog; path = "Preview Assets.xcassets"; sourceTree = "<group>"; };
		8C600EB32AFDAA4F00025C09 /* LandmarksTests.xctest */ = {isa = PBXFileReference; explicitFileType = wrapper.cfbundle; includeInIndex = 0; path = LandmarksTests.xctest; sourceTree = BUILT_PRODUCTS_DIR; };
		8C600EB72AFDAA4F00025C09 /* LandmarksTests.swift */ = {isa = PBXFileReference; lastKnownFileType = sourcecode.swift; path = LandmarksTests.swift; sourceTree = "<group>"; };
		8C600EBD2AFDAA4F00025C09 /* LandmarksUITests.xctest */ = {isa = PBXFileReference; explicitFileType = wrapper.cfbundle; includeInIndex = 0; path = LandmarksUITests.xctest; sourceTree = BUILT_PRODUCTS_DIR; };
		8C600EC12AFDAA4F00025C09 /* LandmarksUITests.swift */ = {isa = PBXFileReference; lastKnownFileType = sourcecode.swift; path = LandmarksUITests.swift; sourceTree = "<group>"; };
		8C600EC32AFDAA4F00025C09 /* LandmarksUITestsLaunchTests.swift */ = {isa = PBXFileReference; lastKnownFileType = sourcecode.swift; path = LandmarksUITestsLaunchTests.swift; sourceTree = "<group>"; };
		8C600ED02AFDB0A500025C09 /* CircleImage.swift */ = {isa = PBXFileReference; lastKnownFileType = sourcecode.swift; path = CircleImage.swift; sourceTree = "<group>"; };
		8C600ED22AFDB15300025C09 /* MapView.swift */ = {isa = PBXFileReference; lastKnownFileType = sourcecode.swift; path = MapView.swift; sourceTree = "<group>"; };
		8C7B4BCE2B0C0A6700B46E3A /* FavoriteButton.swift */ = {isa = PBXFileReference; lastKnownFileType = sourcecode.swift; path = FavoriteButton.swift; sourceTree = "<group>"; };
		8CE373B12B08256F00CBC20F /* landmarkData.json */ = {isa = PBXFileReference; fileEncoding = 4; lastKnownFileType = text.json; path = landmarkData.json; sourceTree = "<group>"; };
		8CE373B32B0825DF00CBC20F /* Landmark.swift */ = {isa = PBXFileReference; lastKnownFileType = sourcecode.swift; path = Landmark.swift; sourceTree = "<group>"; };
		8CE373B52B082A4200CBC20F /* ModelData.swift */ = {isa = PBXFileReference; lastKnownFileType = sourcecode.swift; path = ModelData.swift; sourceTree = "<group>"; };
		8CE373BA2B082C7200CBC20F /* LandmarkRow.swift */ = {isa = PBXFileReference; lastKnownFileType = sourcecode.swift; path = LandmarkRow.swift; sourceTree = "<group>"; };
		8CE373BC2B082E5D00CBC20F /* LandmarkList.swift */ = {isa = PBXFileReference; lastKnownFileType = sourcecode.swift; path = LandmarkList.swift; sourceTree = "<group>"; };
		8CE373BE2B082F4D00CBC20F /* LandmarkDetail.swift */ = {isa = PBXFileReference; lastKnownFileType = sourcecode.swift; path = LandmarkDetail.swift; sourceTree = "<group>"; };
		8CFB4CBD2B1425AB0098E32C /* HexagonParameters.swift */ = {isa = PBXFileReference; lastKnownFileType = sourcecode.swift; path = HexagonParameters.swift; sourceTree = "<group>"; };
		8CFB4CBF2B142A250098E32C /* BadgeBackground.swift */ = {isa = PBXFileReference; lastKnownFileType = sourcecode.swift; path = BadgeBackground.swift; sourceTree = "<group>"; };
		8CFB4CC12B1442120098E32C /* BadgeSymbol.swift */ = {isa = PBXFileReference; lastKnownFileType = sourcecode.swift; path = BadgeSymbol.swift; sourceTree = "<group>"; };
		8CFB4CC32B1445520098E32C /* RotatedBadgeSymbol.swift */ = {isa = PBXFileReference; lastKnownFileType = sourcecode.swift; path = RotatedBadgeSymbol.swift; sourceTree = "<group>"; };
		8CFB4CC52B1445CB0098E32C /* Badge.swift */ = {isa = PBXFileReference; lastKnownFileType = sourcecode.swift; path = Badge.swift; sourceTree = "<group>"; };
/* End PBXFileReference section */

/* Begin PBXFrameworksBuildPhase section */
		8C600EA02AFDAA4D00025C09 /* Frameworks */ = {
			isa = PBXFrameworksBuildPhase;
			buildActionMask = 2147483647;
			files = (
			);
			runOnlyForDeploymentPostprocessing = 0;
		};
		8C600EB02AFDAA4F00025C09 /* Frameworks */ = {
			isa = PBXFrameworksBuildPhase;
			buildActionMask = 2147483647;
			files = (
			);
			runOnlyForDeploymentPostprocessing = 0;
		};
		8C600EBA2AFDAA4F00025C09 /* Frameworks */ = {
			isa = PBXFrameworksBuildPhase;
			buildActionMask = 2147483647;
			files = (
			);
			runOnlyForDeploymentPostprocessing = 0;
		};
/* End PBXFrameworksBuildPhase section */

/* Begin PBXGroup section */
		8C284B9D2B158679006C569B /* Hikes */ = {
			isa = PBXGroup;
			children = (
				8C284B9E2B158679006C569B /* GraphCapsule.swift */,
				8C284B9F2B158679006C569B /* HikeGraph.swift */,
				8C284BA02B158679006C569B /* HikeDetail.swift */,
				8C284BA12B158679006C569B /* HikeView.swift */,
			);
			path = Hikes;
			sourceTree = "<group>";
		};
		8C2DD0812B182E1D00AF49D4 /* Category */ = {
			isa = PBXGroup;
			children = (
				8C284BA62B158AFA006C569B /* CategoryHome.swift */,
				8C284BA82B158DA5006C569B /* CategoryRow.swift */,
				8C284BAA2B158FE2006C569B /* CategoryItem.swift */,
			);
			path = Category;
			sourceTree = "<group>";
		};
		8C600E9A2AFDAA4D00025C09 = {
			isa = PBXGroup;
			children = (
				8C600EA52AFDAA4D00025C09 /* Landmarks */,
				8C600EB62AFDAA4F00025C09 /* LandmarksTests */,
				8C600EC02AFDAA4F00025C09 /* LandmarksUITests */,
				8C600EA42AFDAA4D00025C09 /* Products */,
			);
			sourceTree = "<group>";
		};
		8C600EA42AFDAA4D00025C09 /* Products */ = {
			isa = PBXGroup;
			children = (
				8C600EA32AFDAA4D00025C09 /* Landmarks.app */,
				8C600EB32AFDAA4F00025C09 /* LandmarksTests.xctest */,
				8C600EBD2AFDAA4F00025C09 /* LandmarksUITests.xctest */,
			);
			name = Products;
			sourceTree = "<group>";
		};
		8C600EA52AFDAA4D00025C09 /* Landmarks */ = {
			isa = PBXGroup;
			children = (
				8CE373B72B082BF700CBC20F /* Resources */,
				8C600EA62AFDAA4D00025C09 /* LandmarksApp.swift */,
				8CE373B82B082C1300CBC20F /* Views */,
				8CE373B92B082C2E00CBC20F /* Model */,
				8C600EAA2AFDAA4E00025C09 /* Assets.xcassets */,
				8C600EAC2AFDAA4E00025C09 /* Preview Content */,
			);
			path = Landmarks;
			sourceTree = "<group>";
		};
		8C600EAC2AFDAA4E00025C09 /* Preview Content */ = {
			isa = PBXGroup;
			children = (
				8C600EAD2AFDAA4E00025C09 /* Preview Assets.xcassets */,
			);
			path = "Preview Content";
			sourceTree = "<group>";
		};
		8C600EB62AFDAA4F00025C09 /* LandmarksTests */ = {
			isa = PBXGroup;
			children = (
				8C600EB72AFDAA4F00025C09 /* LandmarksTests.swift */,
			);
			path = LandmarksTests;
			sourceTree = "<group>";
		};
		8C600EC02AFDAA4F00025C09 /* LandmarksUITests */ = {
			isa = PBXGroup;
			children = (
				8C600EC12AFDAA4F00025C09 /* LandmarksUITests.swift */,
				8C600EC32AFDAA4F00025C09 /* LandmarksUITestsLaunchTests.swift */,
			);
			path = LandmarksUITests;
			sourceTree = "<group>";
		};
		8C7B4BD02B0C0B4100B46E3A /* Landmarks */ = {
			isa = PBXGroup;
			children = (
				8CE373BE2B082F4D00CBC20F /* LandmarkDetail.swift */,
				8CE373BC2B082E5D00CBC20F /* LandmarkList.swift */,
				8CE373BA2B082C7200CBC20F /* LandmarkRow.swift */,
			);
			path = Landmarks;
			sourceTree = "<group>";
		};
		8C7B4BD12B0C0B6D00B46E3A /* Helper */ = {
			isa = PBXGroup;
			children = (
				8C7B4BCE2B0C0A6700B46E3A /* FavoriteButton.swift */,
				8C600ED02AFDB0A500025C09 /* CircleImage.swift */,
				8C600ED22AFDB15300025C09 /* MapView.swift */,
			);
			path = Helper;
			sourceTree = "<group>";
		};
		8CE373B72B082BF700CBC20F /* Resources */ = {
			isa = PBXGroup;
			children = (
				8C284B992B1584EF006C569B /* hikeData.json */,
				8CE373B12B08256F00CBC20F /* landmarkData.json */,
				8C284B9D2B158679006C569B /* Hikes */,
			);
			path = Resources;
			sourceTree = "<group>";
		};
		8CE373B82B082C1300CBC20F /* Views */ = {
			isa = PBXGroup;
			children = (
				8C7B4BD12B0C0B6D00B46E3A /* Helper */,
				8C600EA82AFDAA4D00025C09 /* ContentView.swift */,
				8C7B4BD02B0C0B4100B46E3A /* Landmarks */,
				8CFB4CC72B14476E0098E32C /* Badges */,
				8C2DD0812B182E1D00AF49D4 /* Category */,
			);
			path = Views;
			sourceTree = "<group>";
		};
		8CE373B92B082C2E00CBC20F /* Model */ = {
			isa = PBXGroup;
			children = (
				8CE373B32B0825DF00CBC20F /* Landmark.swift */,
				8CE373B52B082A4200CBC20F /* ModelData.swift */,
				8C284B9B2B15852E006C569B /* Hike.swift */,
			);
			path = Model;
			sourceTree = "<group>";
		};
		8CFB4CC72B14476E0098E32C /* Badges */ = {
			isa = PBXGroup;
			children = (
				8CFB4CBD2B1425AB0098E32C /* HexagonParameters.swift */,
				8CFB4CBF2B142A250098E32C /* BadgeBackground.swift */,
				8CFB4CC12B1442120098E32C /* BadgeSymbol.swift */,
				8CFB4CC32B1445520098E32C /* RotatedBadgeSymbol.swift */,
				8CFB4CC52B1445CB0098E32C /* Badge.swift */,
			);
			path = Badges;
			sourceTree = "<group>";
		};
/* End PBXGroup section */

/* Begin PBXNativeTarget section */
		8C600EA22AFDAA4D00025C09 /* Landmarks */ = {
			isa = PBXNativeTarget;
			buildConfigurationList = 8C600EC72AFDAA4F00025C09 /* Build configuration list for PBXNativeTarget "Landmarks" */;
			buildPhases = (
				8C600E9F2AFDAA4D00025C09 /* Sources */,
				8C600EA02AFDAA4D00025C09 /* Frameworks */,
				8C600EA12AFDAA4D00025C09 /* Resources */,
			);
			buildRules = (
			);
			dependencies = (
			);
			name = Landmarks;
			productName = Landmarks;
			productReference = 8C600EA32AFDAA4D00025C09 /* Landmarks.app */;
			productType = "com.apple.product-type.application";
		};
		8C600EB22AFDAA4F00025C09 /* LandmarksTests */ = {
			isa = PBXNativeTarget;
			buildConfigurationList = 8C600ECA2AFDAA4F00025C09 /* Build configuration list for PBXNativeTarget "LandmarksTests" */;
			buildPhases = (
				8C600EAF2AFDAA4F00025C09 /* Sources */,
				8C600EB02AFDAA4F00025C09 /* Frameworks */,
				8C600EB12AFDAA4F00025C09 /* Resources */,
			);
			buildRules = (
			);
			dependencies = (
				8C600EB52AFDAA4F00025C09 /* PBXTargetDependency */,
			);
			name = LandmarksTests;
			productName = LandmarksTests;
			productReference = 8C600EB32AFDAA4F00025C09 /* LandmarksTests.xctest */;
			productType = "com.apple.product-type.bundle.unit-test";
		};
		8C600EBC2AFDAA4F00025C09 /* LandmarksUITests */ = {
			isa = PBXNativeTarget;
			buildConfigurationList = 8C600ECD2AFDAA4F00025C09 /* Build configuration list for PBXNativeTarget "LandmarksUITests" */;
			buildPhases = (
				8C600EB92AFDAA4F00025C09 /* Sources */,
				8C600EBA2AFDAA4F00025C09 /* Frameworks */,
				8C600EBB2AFDAA4F00025C09 /* Resources */,
			);
			buildRules = (
			);
			dependencies = (
				8C600EBF2AFDAA4F00025C09 /* PBXTargetDependency */,
			);
			name = LandmarksUITests;
			productName = LandmarksUITests;
			productReference = 8C600EBD2AFDAA4F00025C09 /* LandmarksUITests.xctest */;
			productType = "com.apple.product-type.bundle.ui-testing";
		};
/* End PBXNativeTarget section */

/* Begin PBXProject section */
		8C600E9B2AFDAA4D00025C09 /* Project object */ = {
			isa = PBXProject;
			attributes = {
				BuildIndependentTargetsInParallel = 1;
				LastSwiftUpdateCheck = 1500;
				LastUpgradeCheck = 1500;
				TargetAttributes = {
					8C600EA22AFDAA4D00025C09 = {
						CreatedOnToolsVersion = 15.0.1;
					};
					8C600EB22AFDAA4F00025C09 = {
						CreatedOnToolsVersion = 15.0.1;
						TestTargetID = 8C600EA22AFDAA4D00025C09;
					};
					8C600EBC2AFDAA4F00025C09 = {
						CreatedOnToolsVersion = 15.0.1;
						TestTargetID = 8C600EA22AFDAA4D00025C09;
					};
				};
			};
			buildConfigurationList = 8C600E9E2AFDAA4D00025C09 /* Build configuration list for PBXProject "Landmarks" */;
			compatibilityVersion = "Xcode 14.0";
			developmentRegion = en;
			hasScannedForEncodings = 0;
			knownRegions = (
				en,
				Base,
			);
			mainGroup = 8C600E9A2AFDAA4D00025C09;
			productRefGroup = 8C600EA42AFDAA4D00025C09 /* Products */;
			projectDirPath = "";
			projectRoot = "";
			targets = (
				8C600EA22AFDAA4D00025C09 /* Landmarks */,
				8C600EB22AFDAA4F00025C09 /* LandmarksTests */,
				8C600EBC2AFDAA4F00025C09 /* LandmarksUITests */,
			);
		};
/* End PBXProject section */

/* Begin PBXResourcesBuildPhase section */
		8C600EA12AFDAA4D00025C09 /* Resources */ = {
			isa = PBXResourcesBuildPhase;
			buildActionMask = 2147483647;
			files = (
				8C284B9A2B1584EF006C569B /* hikeData.json in Resources */,
				8C600EAE2AFDAA4E00025C09 /* Preview Assets.xcassets in Resources */,
				8C600EAB2AFDAA4E00025C09 /* Assets.xcassets in Resources */,
				8CE373B22B08256F00CBC20F /* landmarkData.json in Resources */,
			);
			runOnlyForDeploymentPostprocessing = 0;
		};
		8C600EB12AFDAA4F00025C09 /* Resources */ = {
			isa = PBXResourcesBuildPhase;
			buildActionMask = 2147483647;
			files = (
			);
			runOnlyForDeploymentPostprocessing = 0;
		};
		8C600EBB2AFDAA4F00025C09 /* Resources */ = {
			isa = PBXResourcesBuildPhase;
			buildActionMask = 2147483647;
			files = (
			);
			runOnlyForDeploymentPostprocessing = 0;
		};
/* End PBXResourcesBuildPhase section */

/* Begin PBXSourcesBuildPhase section */
		8C600E9F2AFDAA4D00025C09 /* Sources */ = {
			isa = PBXSourcesBuildPhase;
			buildActionMask = 2147483647;
			files = (
				8C284BA92B158DA5006C569B /* CategoryRow.swift in Sources */,
				8C600EA92AFDAA4D00025C09 /* ContentView.swift in Sources */,
				8C284BA72B158AFA006C569B /* CategoryHome.swift in Sources */,
				8C284BA32B158679006C569B /* HikeGraph.swift in Sources */,
				8CFB4CC62B1445CB0098E32C /* Badge.swift in Sources */,
				8C600ED32AFDB15300025C09 /* MapView.swift in Sources */,
				8C284BA22B158679006C569B /* GraphCapsule.swift in Sources */,
				8C600EA72AFDAA4D00025C09 /* LandmarksApp.swift in Sources */,
				8C7B4BCF2B0C0A6700B46E3A /* FavoriteButton.swift in Sources */,
				8C284BAB2B158FE2006C569B /* CategoryItem.swift in Sources */,
				8C284BA42B158679006C569B /* HikeDetail.swift in Sources */,
				8CFB4CBE2B1425AB0098E32C /* HexagonParameters.swift in Sources */,
				8C284B9C2B15852E006C569B /* Hike.swift in Sources */,
				8CFB4CC42B1445520098E32C /* RotatedBadgeSymbol.swift in Sources */,
				8CFB4CC22B1442120098E32C /* BadgeSymbol.swift in Sources */,
				8CE373BD2B082E5D00CBC20F /* LandmarkList.swift in Sources */,
				8C284BA52B158679006C569B /* HikeView.swift in Sources */,
				8CE373BF2B082F4D00CBC20F /* LandmarkDetail.swift in Sources */,
				8CFB4CC02B142A250098E32C /* BadgeBackground.swift in Sources */,
				8C600ED12AFDB0A500025C09 /* CircleImage.swift in Sources */,
				8CE373B42B0825DF00CBC20F /* Landmark.swift in Sources */,
				8CE373BB2B082C7200CBC20F /* LandmarkRow.swift in Sources */,
				8CE373B62B082A4200CBC20F /* ModelData.swift in Sources */,
			);
			runOnlyForDeploymentPostprocessing = 0;
		};
		8C600EAF2AFDAA4F00025C09 /* Sources */ = {
			isa = PBXSourcesBuildPhase;
			buildActionMask = 2147483647;
			files = (
				8C600EB82AFDAA4F00025C09 /* LandmarksTests.swift in Sources */,
			);
			runOnlyForDeploymentPostprocessing = 0;
		};
		8C600EB92AFDAA4F00025C09 /* Sources */ = {
			isa = PBXSourcesBuildPhase;
			buildActionMask = 2147483647;
			files = (
				8C600EC42AFDAA4F00025C09 /* LandmarksUITestsLaunchTests.swift in Sources */,
				8C600EC22AFDAA4F00025C09 /* LandmarksUITests.swift in Sources */,
			);
			runOnlyForDeploymentPostprocessing = 0;
		};
/* End PBXSourcesBuildPhase section */

/* Begin PBXTargetDependency section */
		8C600EB52AFDAA4F00025C09 /* PBXTargetDependency */ = {
			isa = PBXTargetDependency;
			target = 8C600EA22AFDAA4D00025C09 /* Landmarks */;
			targetProxy = 8C600EB42AFDAA4F00025C09 /* PBXContainerItemProxy */;
		};
		8C600EBF2AFDAA4F00025C09 /* PBXTargetDependency */ = {
			isa = PBXTargetDependency;
			target = 8C600EA22AFDAA4D00025C09 /* Landmarks */;
			targetProxy = 8C600EBE2AFDAA4F00025C09 /* PBXContainerItemProxy */;
		};
/* End PBXTargetDependency section */

/* Begin XCBuildConfiguration section */
		8C600EC52AFDAA4F00025C09 /* Debug */ = {
			isa = XCBuildConfiguration;
			buildSettings = {
				ALWAYS_SEARCH_USER_PATHS = NO;
				ASSETCATALOG_COMPILER_GENERATE_SWIFT_ASSET_SYMBOL_EXTENSIONS = YES;
				CLANG_ANALYZER_NONNULL = YES;
				CLANG_ANALYZER_NUMBER_OBJECT_CONVERSION = YES_AGGRESSIVE;
				CLANG_CXX_LANGUAGE_STANDARD = "gnu++20";
				CLANG_ENABLE_MODULES = YES;
				CLANG_ENABLE_OBJC_ARC = YES;
				CLANG_ENABLE_OBJC_WEAK = YES;
				CLANG_WARN_BLOCK_CAPTURE_AUTORELEASING = YES;
				CLANG_WARN_BOOL_CONVERSION = YES;
				CLANG_WARN_COMMA = YES;
				CLANG_WARN_CONSTANT_CONVERSION = YES;
				CLANG_WARN_DEPRECATED_OBJC_IMPLEMENTATIONS = YES;
				CLANG_WARN_DIRECT_OBJC_ISA_USAGE = YES_ERROR;
				CLANG_WARN_DOCUMENTATION_COMMENTS = YES;
				CLANG_WARN_EMPTY_BODY = YES;
				CLANG_WARN_ENUM_CONVERSION = YES;
				CLANG_WARN_INFINITE_RECURSION = YES;
				CLANG_WARN_INT_CONVERSION = YES;
				CLANG_WARN_NON_LITERAL_NULL_CONVERSION = YES;
				CLANG_WARN_OBJC_IMPLICIT_RETAIN_SELF = YES;
				CLANG_WARN_OBJC_LITERAL_CONVERSION = YES;
				CLANG_WARN_OBJC_ROOT_CLASS = YES_ERROR;
				CLANG_WARN_QUOTED_INCLUDE_IN_FRAMEWORK_HEADER = YES;
				CLANG_WARN_RANGE_LOOP_ANALYSIS = YES;
				CLANG_WARN_STRICT_PROTOTYPES = YES;
				CLANG_WARN_SUSPICIOUS_MOVE = YES;
				CLANG_WARN_UNGUARDED_AVAILABILITY = YES_AGGRESSIVE;
				CLANG_WARN_UNREACHABLE_CODE = YES;
				CLANG_WARN__DUPLICATE_METHOD_MATCH = YES;
				COPY_PHASE_STRIP = NO;
				DEBUG_INFORMATION_FORMAT = dwarf;
				ENABLE_STRICT_OBJC_MSGSEND = YES;
				ENABLE_TESTABILITY = YES;
				ENABLE_USER_SCRIPT_SANDBOXING = YES;
				GCC_C_LANGUAGE_STANDARD = gnu17;
				GCC_DYNAMIC_NO_PIC = NO;
				GCC_NO_COMMON_BLOCKS = YES;
				GCC_OPTIMIZATION_LEVEL = 0;
				GCC_PREPROCESSOR_DEFINITIONS = (
					"DEBUG=1",
					"$(inherited)",
				);
				GCC_WARN_64_TO_32_BIT_CONVERSION = YES;
				GCC_WARN_ABOUT_RETURN_TYPE = YES_ERROR;
				GCC_WARN_UNDECLARED_SELECTOR = YES;
				GCC_WARN_UNINITIALIZED_AUTOS = YES_AGGRESSIVE;
				GCC_WARN_UNUSED_FUNCTION = YES;
				GCC_WARN_UNUSED_VARIABLE = YES;
				IPHONEOS_DEPLOYMENT_TARGET = 17.0;
				LOCALIZATION_PREFERS_STRING_CATALOGS = YES;
				MTL_ENABLE_DEBUG_INFO = INCLUDE_SOURCE;
				MTL_FAST_MATH = YES;
				ONLY_ACTIVE_ARCH = YES;
				SDKROOT = iphoneos;
				SWIFT_ACTIVE_COMPILATION_CONDITIONS = "DEBUG $(inherited)";
				SWIFT_OPTIMIZATION_LEVEL = "-Onone";
			};
			name = Debug;
		};
		8C600EC62AFDAA4F00025C09 /* Release */ = {
			isa = XCBuildConfiguration;
			buildSettings = {
				ALWAYS_SEARCH_USER_PATHS = NO;
				ASSETCATALOG_COMPILER_GENERATE_SWIFT_ASSET_SYMBOL_EXTENSIONS = YES;
				CLANG_ANALYZER_NONNULL = YES;
				CLANG_ANALYZER_NUMBER_OBJECT_CONVERSION = YES_AGGRESSIVE;
				CLANG_CXX_LANGUAGE_STANDARD = "gnu++20";
				CLANG_ENABLE_MODULES = YES;
				CLANG_ENABLE_OBJC_ARC = YES;
				CLANG_ENABLE_OBJC_WEAK = YES;
				CLANG_WARN_BLOCK_CAPTURE_AUTORELEASING = YES;
				CLANG_WARN_BOOL_CONVERSION = YES;
				CLANG_WARN_COMMA = YES;
				CLANG_WARN_CONSTANT_CONVERSION = YES;
				CLANG_WARN_DEPRECATED_OBJC_IMPLEMENTATIONS = YES;
				CLANG_WARN_DIRECT_OBJC_ISA_USAGE = YES_ERROR;
				CLANG_WARN_DOCUMENTATION_COMMENTS = YES;
				CLANG_WARN_EMPTY_BODY = YES;
				CLANG_WARN_ENUM_CONVERSION = YES;
				CLANG_WARN_INFINITE_RECURSION = YES;
				CLANG_WARN_INT_CONVERSION = YES;
				CLANG_WARN_NON_LITERAL_NULL_CONVERSION = YES;
				CLANG_WARN_OBJC_IMPLICIT_RETAIN_SELF = YES;
				CLANG_WARN_OBJC_LITERAL_CONVERSION = YES;
				CLANG_WARN_OBJC_ROOT_CLASS = YES_ERROR;
				CLANG_WARN_QUOTED_INCLUDE_IN_FRAMEWORK_HEADER = YES;
				CLANG_WARN_RANGE_LOOP_ANALYSIS = YES;
				CLANG_WARN_STRICT_PROTOTYPES = YES;
				CLANG_WARN_SUSPICIOUS_MOVE = YES;
				CLANG_WARN_UNGUARDED_AVAILABILITY = YES_AGGRESSIVE;
				CLANG_WARN_UNREACHABLE_CODE = YES;
				CLANG_WARN__DUPLICATE_METHOD_MATCH = YES;
				COPY_PHASE_STRIP = NO;
				DEBUG_INFORMATION_FORMAT = "dwarf-with-dsym";
				ENABLE_NS_ASSERTIONS = NO;
				ENABLE_STRICT_OBJC_MSGSEND = YES;
				ENABLE_USER_SCRIPT_SANDBOXING = YES;
				GCC_C_LANGUAGE_STANDARD = gnu17;
				GCC_NO_COMMON_BLOCKS = YES;
				GCC_WARN_64_TO_32_BIT_CONVERSION = YES;
				GCC_WARN_ABOUT_RETURN_TYPE = YES_ERROR;
				GCC_WARN_UNDECLARED_SELECTOR = YES;
				GCC_WARN_UNINITIALIZED_AUTOS = YES_AGGRESSIVE;
				GCC_WARN_UNUSED_FUNCTION = YES;
				GCC_WARN_UNUSED_VARIABLE = YES;
				IPHONEOS_DEPLOYMENT_TARGET = 17.0;
				LOCALIZATION_PREFERS_STRING_CATALOGS = YES;
				MTL_ENABLE_DEBUG_INFO = NO;
				MTL_FAST_MATH = YES;
				SDKROOT = iphoneos;
				SWIFT_COMPILATION_MODE = wholemodule;
				VALIDATE_PRODUCT = YES;
			};
			name = Release;
		};
		8C600EC82AFDAA4F00025C09 /* Debug */ = {
			isa = XCBuildConfiguration;
			buildSettings = {
				ASSETCATALOG_COMPILER_APPICON_NAME = AppIcon;
				ASSETCATALOG_COMPILER_GLOBAL_ACCENT_COLOR_NAME = AccentColor;
				CODE_SIGN_STYLE = Automatic;
				CURRENT_PROJECT_VERSION = 1;
				DEVELOPMENT_ASSET_PATHS = "\"Landmarks/Preview Content\"";
				DEVELOPMENT_TEAM = L27D2ZURYC;
				ENABLE_PREVIEWS = YES;
				GENERATE_INFOPLIST_FILE = YES;
				INFOPLIST_KEY_UIApplicationSceneManifest_Generation = YES;
				INFOPLIST_KEY_UIApplicationSupportsIndirectInputEvents = YES;
				INFOPLIST_KEY_UILaunchScreen_Generation = YES;
				INFOPLIST_KEY_UISupportedInterfaceOrientations_iPad = "UIInterfaceOrientationPortrait UIInterfaceOrientationPortraitUpsideDown UIInterfaceOrientationLandscapeLeft UIInterfaceOrientationLandscapeRight";
				INFOPLIST_KEY_UISupportedInterfaceOrientations_iPhone = "UIInterfaceOrientationPortrait UIInterfaceOrientationLandscapeLeft UIInterfaceOrientationLandscapeRight";
				LD_RUNPATH_SEARCH_PATHS = (
					"$(inherited)",
					"@executable_path/Frameworks",
				);
				MARKETING_VERSION = 1.0;
				PRODUCT_BUNDLE_IDENTIFIER = com.alejo688.Landmarks;
				PRODUCT_NAME = "$(TARGET_NAME)";
				SWIFT_EMIT_LOC_STRINGS = YES;
				SWIFT_VERSION = 5.0;
				TARGETED_DEVICE_FAMILY = "1,2";
			};
			name = Debug;
		};
		8C600EC92AFDAA4F00025C09 /* Release */ = {
			isa = XCBuildConfiguration;
			buildSettings = {
				ASSETCATALOG_COMPILER_APPICON_NAME = AppIcon;
				ASSETCATALOG_COMPILER_GLOBAL_ACCENT_COLOR_NAME = AccentColor;
				CODE_SIGN_STYLE = Automatic;
				CURRENT_PROJECT_VERSION = 1;
				DEVELOPMENT_ASSET_PATHS = "\"Landmarks/Preview Content\"";
				DEVELOPMENT_TEAM = L27D2ZURYC;
				ENABLE_PREVIEWS = YES;
				GENERATE_INFOPLIST_FILE = YES;
				INFOPLIST_KEY_UIApplicationSceneManifest_Generation = YES;
				INFOPLIST_KEY_UIApplicationSupportsIndirectInputEvents = YES;
				INFOPLIST_KEY_UILaunchScreen_Generation = YES;
				INFOPLIST_KEY_UISupportedInterfaceOrientations_iPad = "UIInterfaceOrientationPortrait UIInterfaceOrientationPortraitUpsideDown UIInterfaceOrientationLandscapeLeft UIInterfaceOrientationLandscapeRight";
				INFOPLIST_KEY_UISupportedInterfaceOrientations_iPhone = "UIInterfaceOrientationPortrait UIInterfaceOrientationLandscapeLeft UIInterfaceOrientationLandscapeRight";
				LD_RUNPATH_SEARCH_PATHS = (
					"$(inherited)",
					"@executable_path/Frameworks",
				);
				MARKETING_VERSION = 1.0;
				PRODUCT_BUNDLE_IDENTIFIER = com.alejo688.Landmarks;
				PRODUCT_NAME = "$(TARGET_NAME)";
				SWIFT_EMIT_LOC_STRINGS = YES;
				SWIFT_VERSION = 5.0;
				TARGETED_DEVICE_FAMILY = "1,2";
			};
			name = Release;
		};
		8C600ECB2AFDAA4F00025C09 /* Debug */ = {
			isa = XCBuildConfiguration;
			buildSettings = {
				ALWAYS_EMBED_SWIFT_STANDARD_LIBRARIES = YES;
				BUNDLE_LOADER = "$(TEST_HOST)";
				CODE_SIGN_STYLE = Automatic;
				CURRENT_PROJECT_VERSION = 1;
				DEVELOPMENT_TEAM = L27D2ZURYC;
				GENERATE_INFOPLIST_FILE = YES;
				IPHONEOS_DEPLOYMENT_TARGET = 17.0;
				MARKETING_VERSION = 1.0;
				PRODUCT_BUNDLE_IDENTIFIER = com.alejo688.LandmarksTests;
				PRODUCT_NAME = "$(TARGET_NAME)";
				SWIFT_EMIT_LOC_STRINGS = NO;
				SWIFT_VERSION = 5.0;
				TARGETED_DEVICE_FAMILY = "1,2";
				TEST_HOST = "$(BUILT_PRODUCTS_DIR)/Landmarks.app/$(BUNDLE_EXECUTABLE_FOLDER_PATH)/Landmarks";
			};
			name = Debug;
		};
		8C600ECC2AFDAA4F00025C09 /* Release */ = {
			isa = XCBuildConfiguration;
			buildSettings = {
				ALWAYS_EMBED_SWIFT_STANDARD_LIBRARIES = YES;
				BUNDLE_LOADER = "$(TEST_HOST)";
				CODE_SIGN_STYLE = Automatic;
				CURRENT_PROJECT_VERSION = 1;
				DEVELOPMENT_TEAM = L27D2ZURYC;
				GENERATE_INFOPLIST_FILE = YES;
				IPHONEOS_DEPLOYMENT_TARGET = 17.0;
				MARKETING_VERSION = 1.0;
				PRODUCT_BUNDLE_IDENTIFIER = com.alejo688.LandmarksTests;
				PRODUCT_NAME = "$(TARGET_NAME)";
				SWIFT_EMIT_LOC_STRINGS = NO;
				SWIFT_VERSION = 5.0;
				TARGETED_DEVICE_FAMILY = "1,2";
				TEST_HOST = "$(BUILT_PRODUCTS_DIR)/Landmarks.app/$(BUNDLE_EXECUTABLE_FOLDER_PATH)/Landmarks";
			};
			name = Release;
		};
		8C600ECE2AFDAA4F00025C09 /* Debug */ = {
			isa = XCBuildConfiguration;
			buildSettings = {
				ALWAYS_EMBED_SWIFT_STANDARD_LIBRARIES = YES;
				CODE_SIGN_STYLE = Automatic;
				CURRENT_PROJECT_VERSION = 1;
				DEVELOPMENT_TEAM = L27D2ZURYC;
				GENERATE_INFOPLIST_FILE = YES;
				MARKETING_VERSION = 1.0;
				PRODUCT_BUNDLE_IDENTIFIER = com.alejo688.LandmarksUITests;
				PRODUCT_NAME = "$(TARGET_NAME)";
				SWIFT_EMIT_LOC_STRINGS = NO;
				SWIFT_VERSION = 5.0;
				TARGETED_DEVICE_FAMILY = "1,2";
				TEST_TARGET_NAME = Landmarks;
			};
			name = Debug;
		};
		8C600ECF2AFDAA4F00025C09 /* Release */ = {
			isa = XCBuildConfiguration;
			buildSettings = {
				ALWAYS_EMBED_SWIFT_STANDARD_LIBRARIES = YES;
				CODE_SIGN_STYLE = Automatic;
				CURRENT_PROJECT_VERSION = 1;
				DEVELOPMENT_TEAM = L27D2ZURYC;
				GENERATE_INFOPLIST_FILE = YES;
				MARKETING_VERSION = 1.0;
				PRODUCT_BUNDLE_IDENTIFIER = com.alejo688.LandmarksUITests;
				PRODUCT_NAME = "$(TARGET_NAME)";
				SWIFT_EMIT_LOC_STRINGS = NO;
				SWIFT_VERSION = 5.0;
				TARGETED_DEVICE_FAMILY = "1,2";
				TEST_TARGET_NAME = Landmarks;
			};
			name = Release;
		};
/* End XCBuildConfiguration section */

/* Begin XCConfigurationList section */
		8C600E9E2AFDAA4D00025C09 /* Build configuration list for PBXProject "Landmarks" */ = {
			isa = XCConfigurationList;
			buildConfigurations = (
				8C600EC52AFDAA4F00025C09 /* Debug */,
				8C600EC62AFDAA4F00025C09 /* Release */,
			);
			defaultConfigurationIsVisible = 0;
			defaultConfigurationName = Release;
		};
		8C600EC72AFDAA4F00025C09 /* Build configuration list for PBXNativeTarget "Landmarks" */ = {
			isa = XCConfigurationList;
			buildConfigurations = (
				8C600EC82AFDAA4F00025C09 /* Debug */,
				8C600EC92AFDAA4F00025C09 /* Release */,
			);
			defaultConfigurationIsVisible = 0;
			defaultConfigurationName = Release;
		};
		8C600ECA2AFDAA4F00025C09 /* Build configuration list for PBXNativeTarget "LandmarksTests" */ = {
			isa = XCConfigurationList;
			buildConfigurations = (
				8C600ECB2AFDAA4F00025C09 /* Debug */,
				8C600ECC2AFDAA4F00025C09 /* Release */,
			);
			defaultConfigurationIsVisible = 0;
			defaultConfigurationName = Release;
		};
		8C600ECD2AFDAA4F00025C09 /* Build configuration list for PBXNativeTarget "LandmarksUITests" */ = {
			isa = XCConfigurationList;
			buildConfigurations = (
				8C600ECE2AFDAA4F00025C09 /* Debug */,
				8C600ECF2AFDAA4F00025C09 /* Release */,
			);
			defaultConfigurationIsVisible = 0;
			defaultConfigurationName = Release;
		};
/* End XCConfigurationList section */
	};
	rootObject = 8C600E9B2AFDAA4D00025C09 /* Project object */;
}
